
Microsoft Visual Studio Solution File, Format Version 12.00
# Visual Studio Version 16
VisualStudioVersion = 16.0.30204.135
MinimumVisualStudioVersion = 10.0.40219.1
Project("{FAE04EC0-301F-11D3-BF4B-00C04F79EFBC}") = "CurrencyConverter", "CurrencyConverter\CurrencyConverter.csproj", "{C65DADBA-95AE-4DFF-8370-7F1D4B0DBF3D}"
EndProject
Global
	GlobalSection(SolutionConfigurationPlatforms) = preSolution
		Debug|Any CPU = Debug|Any CPU
		Release|Any CPU = Release|Any CPU
	EndGlobalSection
	GlobalSection(ProjectConfigurationPlatforms) = postSolution
		{C65DADBA-95AE-4DFF-8370-7F1D4B0DBF3D}.Debug|Any CPU.ActiveCfg = Debug|Any CPU
		{C65DADBA-95AE-4DFF-8370-7F1D4B0DBF3D}.Debug|Any CPU.Build.0 = Debug|Any CPU
		{C65DADBA-95AE-4DFF-8370-7F1D4B0DBF3D}.Release|Any CPU.ActiveCfg = Release|Any CPU
		{C65DADBA-95AE-4DFF-8370-7F1D4B0DBF3D}.Release|Any CPU.Build.0 = Release|Any CPU
	EndGlobalSection
	GlobalSection(SolutionProperties) = preSolution
		HideSolutionNode = FALSE
	EndGlobalSection
	GlobalSection(ExtensibilityGlobals) = postSolution
		SolutionGuid = {4497121F-E863-46A1-8E57-9D198FECE46E}
	EndGlobalSection
EndGlobal
