
Microsoft Visual Studio Solution File, Format Version 12.00
# Visual Studio Version 16
VisualStudioVersion = 16.0.30204.135
MinimumVisualStudioVersion = 10.0.40219.1
Project("{FAE04EC0-301F-11D3-BF4B-00C04F79EFBC}") = "FirstWindowsFormsApp_19118004", "FirstWindowsFormsApp_19118004\FirstWindowsFormsApp_19118004.csproj", "{1C9C0F3A-D283-4C34-A03D-FCFC10465789}"
EndProject
Global
	GlobalSection(SolutionConfigurationPlatforms) = preSolution
		Debug|Any CPU = Debug|Any CPU
		Release|Any CPU = Release|Any CPU
	EndGlobalSection
	GlobalSection(ProjectConfigurationPlatforms) = postSolution
		{1C9C0F3A-D283-4C34-A03D-FCFC10465789}.Debug|Any CPU.ActiveCfg = Debug|Any CPU
		{1C9C0F3A-D283-4C34-A03D-FCFC10465789}.Debug|Any CPU.Build.0 = Debug|Any CPU
		{1C9C0F3A-D283-4C34-A03D-FCFC10465789}.Release|Any CPU.ActiveCfg = Release|Any CPU
		{1C9C0F3A-D283-4C34-A03D-FCFC10465789}.Release|Any CPU.Build.0 = Release|Any CPU
	EndGlobalSection
	GlobalSection(SolutionProperties) = preSolution
		HideSolutionNode = FALSE
	EndGlobalSection
	GlobalSection(ExtensibilityGlobals) = postSolution
		SolutionGuid = {D358722D-7EDB-4E60-BFC4-B8B4B0195052}
	EndGlobalSection
EndGlobal
